
Microsoft Visual Studio Solution File, Format Version 12.00
# Visual Studio Version 17
VisualStudioVersion = 17.13.35825.156 d17.13
MinimumVisualStudioVersion = 10.0.40219.1
Project("{FAE04EC0-301F-11D3-BF4B-00C04F79EFBC}") = "ToDo_Project_1_OOP", "ToDo_Project_1_OOP.csproj", "{CDBE9A81-7A6D-4C07-8FFE-1CD86AFA517E}"
EndProject
Global
	GlobalSection(SolutionConfigurationPlatforms) = preSolution
		Debug|Any CPU = Debug|Any CPU
		Release|Any CPU = Release|Any CPU
	EndGlobalSection
	GlobalSection(ProjectConfigurationPlatforms) = postSolution
		{CDBE9A81-7A6D-4C07-8FFE-1CD86AFA517E}.Debug|Any CPU.ActiveCfg = Debug|Any CPU
		{CDBE9A81-7A6D-4C07-8FFE-1CD86AFA517E}.Debug|Any CPU.Build.0 = Debug|Any CPU
		{CDBE9A81-7A6D-4C07-8FFE-1CD86AFA517E}.Release|Any CPU.ActiveCfg = Release|Any CPU
		{CDBE9A81-7A6D-4C07-8FFE-1CD86AFA517E}.Release|Any CPU.Build.0 = Release|Any CPU
	EndGlobalSection
	GlobalSection(SolutionProperties) = preSolution
		HideSolutionNode = FALSE
	EndGlobalSection
	GlobalSection(ExtensibilityGlobals) = postSolution
		SolutionGuid = {387D0F17-1E1C-4DB7-BED6-D30337199E95}
	EndGlobalSection
EndGlobal
